{
  "requires": true,
  "lockfileVersion": 1,
  "dependencies": {
    "bs-platform": {
      "version": "4.0.7",
      "resolved": "https://registry.npmjs.org/bs-platform/-/bs-platform-4.0.7.tgz",
      "integrity": "sha512-39ZXSugB03PznE7eSVwxq5z4S8Cn44r22T2eFd7rgFQ94HaB/mCNHXG0epF3mJLYhhhyPT9w3e/t+FAIjSdAkg=="
    }
  }
}
