{
  "name": "@jaredly/reason-language-server",
  "version": "1.0.0-beta.1",
  "lockfileVersion": 1,
  "requires": true,
  "dependencies": {
    "bs-platform": {
      "version": "github:bsansouci/bsb-native#84604c9f6a5611eed68372efdb575c00a3e72813",
      "from": "github:bsansouci/bsb-native#3.2.0",
      "requires": {
        "yauzl": "^2.9.1"
      }
    },
    "buffer-crc32": {
      "version": "0.2.13",
      "resolved": "https://registry.npmjs.org/buffer-crc32/-/buffer-crc32-0.2.13.tgz",
      "integrity": "sha1-DTM+PwDqxQqhRUq9MO+MKl2ackI="
    },
    "fd-slicer": {
      "version": "1.1.0",
      "resolved": "https://registry.npmjs.org/fd-slicer/-/fd-slicer-1.1.0.tgz",
      "integrity": "sha1-JcfInLH5B3+IkbvmHY85Dq4lbx4=",
      "requires": {
        "pend": "~1.2.0"
      }
    },
    "pend": {
      "version": "1.2.0",
      "resolved": "https://registry.npmjs.org/pend/-/pend-1.2.0.tgz",
      "integrity": "sha1-elfrVQpng/kRUzH89GY9XI4AelA="
    },
    "rex-json": {
      "version": "1.4.0",
      "resolved": "https://registry.npmjs.org/rex-json/-/rex-json-1.4.0.tgz",
      "integrity": "sha512-bG3byyGHk8+5frVPFu7qXkx+7qgycv0r6rD17JXw7XYqyd5eekcpsodR7/zk2u/jBqsjt5HHisND23Kx74PZkw=="
    },
    "yauzl": {
      "version": "2.9.2",
      "resolved": "https://registry.npmjs.org/yauzl/-/yauzl-2.9.2.tgz",
      "integrity": "sha1-T7G8euH8L1cDe1SvasyP4QMcW3c=",
      "requires": {
        "buffer-crc32": "~0.2.3",
        "fd-slicer": "~1.1.0"
      }
    }
  }
}
