{
  "name": "@jaredly/reason-language-server",
  "version": "1.0.0-beta.1",
  "lockfileVersion": 1,
  "requires": true,
  "dependencies": {
    "bs-platform": {
      "version": "github:bsansouci/bsb-native#d76155b709dba032cdb11e99ebe0e2c37bcb2c85",
      "requires": {
        "yauzl": "2.9.1"
      }
    },
    "buffer-crc32": {
      "version": "0.2.13",
      "resolved": "https://registry.npmjs.org/buffer-crc32/-/buffer-crc32-0.2.13.tgz",
      "integrity": "sha1-DTM+PwDqxQqhRUq9MO+MKl2ackI="
    },
    "fd-slicer": {
      "version": "1.0.1",
      "resolved": "https://registry.npmjs.org/fd-slicer/-/fd-slicer-1.0.1.tgz",
      "integrity": "sha1-i1vL2ewyfFBBv5qwI/1nUPEXfmU=",
      "requires": {
        "pend": "1.2.0"
      }
    },
    "pend": {
      "version": "1.2.0",
      "resolved": "https://registry.npmjs.org/pend/-/pend-1.2.0.tgz",
      "integrity": "sha1-elfrVQpng/kRUzH89GY9XI4AelA="
    },
    "rex-json": {
      "version": "1.3.1",
      "resolved": "https://registry.npmjs.org/rex-json/-/rex-json-1.3.1.tgz",
      "integrity": "sha512-NCNLFv6pN6NYazyhaxFYuKM2tTbpFQprOB1MiKmnSCSJalO8Hzs2AAEOpt7m8uNjzp6g0IIOVMukUZfYt5FxpA=="
    },
    "yauzl": {
      "version": "2.9.1",
      "resolved": "https://registry.npmjs.org/yauzl/-/yauzl-2.9.1.tgz",
      "integrity": "sha1-qBmB6nCleUYTOIPwKcWCGok1mn8=",
      "requires": {
        "buffer-crc32": "0.2.13",
        "fd-slicer": "1.0.1"
      }
    }
  }
}
