{
  "requires": true,
  "lockfileVersion": 1,
  "dependencies": {
    "@ryb73/decco": {
      "version": "0.0.14",
      "resolved": "https://repo.dev.wixpress.com/artifactory/api/npm/npm-repos/@ryb73/decco/-/decco-0.0.14.tgz",
      "integrity": "sha1-aIFPbq/0LtrJkzBqYLkUJEaTCsw="
    },
    "bs-platform": {
      "version": "5.0.6",
      "resolved": "https://repo.dev.wixpress.com/artifactory/api/npm/npm-repos/bs-platform/-/bs-platform-5.0.6.tgz",
      "integrity": "sha1-iMEwQfsCBHmADePYLGgL+XEJFCU="
    }
  }
}
