{
  "name": "name_with_underscore",
  "version": "0.1.0",
  "lockfileVersion": 1,
  "requires": true,
  "dependencies": {
    "@aantron/repromise": {
      "version": "0.6.0",
      "resolved": "https://registry.npmjs.org/@aantron/repromise/-/repromise-0.6.0.tgz",
      "integrity": "sha512-nxNUWKQQhRJKmsExKi2qyZUryvpEz07H17fEhRaZC3wXkxCtjcdx9j5LMnV0+anbU+EyG/X+UnfATReerBZgMA=="
    },
    "bs-platform": {
      "version": "4.0.5",
      "resolved": "https://registry.npmjs.org/bs-platform/-/bs-platform-4.0.5.tgz",
      "integrity": "sha512-wK+yUx/5ojlrxgk/EB3Hla7+9NEnE8PxtGb71e4IsKnWPXrRAaVtdTuoWWClv8z77xntOFg8qTgYfYyh9xLMWA==",
      "dev": true
    }
  }
}
