{
  "requires": true,
  "lockfileVersion": 1,
  "dependencies": {
    "bs-platform": {
      "version": "8.2.0",
      "resolved": "https://registry.npmjs.org/bs-platform/-/bs-platform-8.2.0.tgz",
      "integrity": "sha512-quvmUac/ZxGDsT7L5+6RNXrLPvLHkWFownacaqlwVoyAm770bPyupTRU49ALPGk3HpjfD5eE+lpGdOSPtuwJiA=="
    },
    "reason-react": {
      "version": "0.9.1",
      "resolved": "https://registry.npmjs.org/reason-react/-/reason-react-0.9.1.tgz",
      "integrity": "sha512-nlH0O2TDy9KzOLOW+vlEQk4ExHOeciyzFdoLcsmmiit6hx6H5+CVDrwJ+8aiaLT/kqK5xFOjy4PS7PftWz4plA=="
    }
  }
}
