{
  "requires": true,
  "lockfileVersion": 1,
  "dependencies": {
    "bs-platform": {
      "version": "5.0.0",
      "resolved": "https://registry.npmjs.org/bs-platform/-/bs-platform-5.0.0.tgz",
      "integrity": "sha512-zxLobdIaf/r7go47hOgxcd6C0ANh7MYMEtZNb9Al7JdoekzFZI50F4GpZpP8kMh9Z+M5PoPE1WuryT4S8mT8Kg=="
    }
  }
}
